// !$*UTF8*$!
{
	archiveVersion = 1;
	classes = {
	};
	objectVersion = 46;
	objects = {

/* Begin PBXBuildFile section */
		C84A5A8C1982C33D007AD321 /* Foundation.framework in Frameworks */ = {isa = PBXBuildFile; fileRef = C84A5A8B1982C33D007AD321 /* Foundation.framework */; };
		C84A5A8E1982C33D007AD321 /* CoreGraphics.framework in Frameworks */ = {isa = PBXBuildFile; fileRef = C84A5A8D1982C33D007AD321 /* CoreGraphics.framework */; };
		C84A5A901982C33D007AD321 /* UIKit.framework in Frameworks */ = {isa = PBXBuildFile; fileRef = C84A5A8F1982C33D007AD321 /* UIKit.framework */; };
		C84A5A961982C33D007AD321 /* InfoPlist.strings in Resources */ = {isa = PBXBuildFile; fileRef = C84A5A941982C33D007AD321 /* InfoPlist.strings */; };
		C84A5A981982C33D007AD321 /* main.m in Sources */ = {isa = PBXBuildFile; fileRef = C84A5A971982C33D007AD321 /* main.m */; };
		C84A5A9C1982C33D007AD321 /* AppDelegate.m in Sources */ = {isa = PBXBuildFile; fileRef = C84A5A9B1982C33D007AD321 /* AppDelegate.m */; };
		C84A5A9F1982C33D007AD321 /* Main.storyboard in Resources */ = {isa = PBXBuildFile; fileRef = C84A5A9D1982C33D007AD321 /* Main.storyboard */; };
		C84A5AA21982C33D007AD321 /* ViewController.m in Sources */ = {isa = PBXBuildFile; fileRef = C84A5AA11982C33D007AD321 /* ViewController.m */; };
		C84A5AA41982C33D007AD321 /* Images.xcassets in Resources */ = {isa = PBXBuildFile; fileRef = C84A5AA31982C33D007AD321 /* Images.xcassets */; };
		C84A5AAB1982C33E007AD321 /* XCTest.framework in Frameworks */ = {isa = PBXBuildFile; fileRef = C84A5AAA1982C33E007AD321 /* XCTest.framework */; };
		C84A5AAC1982C33E007AD321 /* Foundation.framework in Frameworks */ = {isa = PBXBuildFile; fileRef = C84A5A8B1982C33D007AD321 /* Foundation.framework */; };
		C84A5AAD1982C33E007AD321 /* UIKit.framework in Frameworks */ = {isa = PBXBuildFile; fileRef = C84A5A8F1982C33D007AD321 /* UIKit.framework */; };
		C84A5AB51982C33E007AD321 /* InfoPlist.strings in Resources */ = {isa = PBXBuildFile; fileRef = C84A5AB31982C33E007AD321 /* InfoPlist.strings */; };
		C84A5AB71982C33E007AD321 /* iOSProjectTests.m in Sources */ = {isa = PBXBuildFile; fileRef = C84A5AB61982C33E007AD321 /* iOSProjectTests.m */; };
/* End PBXBuildFile section */

/* Begin PBXContainerItemProxy section */
		C84A5AAE1982C33E007AD321 /* PBXContainerItemProxy */ = {
			isa = PBXContainerItemProxy;
			containerPortal = C84A5A801982C33D007AD321 /* Project object */;
			proxyType = 1;
			remoteGlobalIDString = C84A5A871982C33D007AD321;
			remoteInfo = iOSProject;
		};
/* End PBXContainerItemProxy section */

/* Begin PBXFileReference section */
		C84A5A881982C33D007AD321 /* iOSProject.app */ = {isa = PBXFileReference; explicitFileType = wrapper.application; includeInIndex = 0; path = iOSProject.app; sourceTree = BUILT_PRODUCTS_DIR; };
		C84A5A8B1982C33D007AD321 /* Foundation.framework */ = {isa = PBXFileReference; lastKnownFileType = wrapper.framework; name = Foundation.framework; path = System/Library/Frameworks/Foundation.framework; sourceTree = SDKROOT; };
		C84A5A8D1982C33D007AD321 /* CoreGraphics.framework */ = {isa = PBXFileReference; lastKnownFileType = wrapper.framework; name = CoreGraphics.framework; path = System/Library/Frameworks/CoreGraphics.framework; sourceTree = SDKROOT; };
		C84A5A8F1982C33D007AD321 /* UIKit.framework */ = {isa = PBXFileReference; lastKnownFileType = wrapper.framework; name = UIKit.framework; path = System/Library/Frameworks/UIKit.framework; sourceTree = SDKROOT; };
		C84A5A931982C33D007AD321 /* iOSProject-Info.plist */ = {isa = PBXFileReference; lastKnownFileType = text.plist.xml; path = "iOSProject-Info.plist"; sourceTree = "<group>"; };
		C84A5A951982C33D007AD321 /* en */ = {isa = PBXFileReference; lastKnownFileType = text.plist.strings; name = en; path = en.lproj/InfoPlist.strings; sourceTree = "<group>"; };
		C84A5A971982C33D007AD321 /* main.m */ = {isa = PBXFileReference; lastKnownFileType = sourcecode.c.objc; path = main.m; sourceTree = "<group>"; };
		C84A5A991982C33D007AD321 /* iOSProject-Prefix.pch */ = {isa = PBXFileReference; lastKnownFileType = sourcecode.c.h; path = "iOSProject-Prefix.pch"; sourceTree = "<group>"; };
		C84A5A9A1982C33D007AD321 /* AppDelegate.h */ = {isa = PBXFileReference; lastKnownFileType = sourcecode.c.h; path = AppDelegate.h; sourceTree = "<group>"; };
		C84A5A9B1982C33D007AD321 /* AppDelegate.m */ = {isa = PBXFileReference; lastKnownFileType = sourcecode.c.objc; path = AppDelegate.m; sourceTree = "<group>"; };
		C84A5A9E1982C33D007AD321 /* Base */ = {isa = PBXFileReference; lastKnownFileType = file.storyboard; name = Base; path = Base.lproj/Main.storyboard; sourceTree = "<group>"; };
		C84A5AA01982C33D007AD321 /* ViewController.h */ = {isa = PBXFileReference; lastKnownFileType = sourcecode.c.h; path = ViewController.h; sourceTree = "<group>"; };
		C84A5AA11982C33D007AD321 /* ViewController.m */ = {isa = PBXFileReference; lastKnownFileType = sourcecode.c.objc; path = ViewController.m; sourceTree = "<group>"; };
		C84A5AA31982C33D007AD321 /* Images.xcassets */ = {isa = PBXFileReference; lastKnownFileType = folder.assetcatalog; path = Images.xcassets; sourceTree = "<group>"; };
		C84A5AA91982C33E007AD321 /* iOSProjectTests.xctest */ = {isa = PBXFileReference; explicitFileType = wrapper.cfbundle; includeInIndex = 0; path = iOSProjectTests.xctest; sourceTree = BUILT_PRODUCTS_DIR; };
		C84A5AAA1982C33E007AD321 /* XCTest.framework */ = {isa = PBXFileReference; lastKnownFileType = wrapper.framework; name = XCTest.framework; path = Library/Frameworks/XCTest.framework; sourceTree = DEVELOPER_DIR; };
		C84A5AB21982C33E007AD321 /* iOSProjectTests-Info.plist */ = {isa = PBXFileReference; lastKnownFileType = text.plist.xml; path = "iOSProjectTests-Info.plist"; sourceTree = "<group>"; };
		C84A5AB41982C33E007AD321 /* en */ = {isa = PBXFileReference; lastKnownFileType = text.plist.strings; name = en; path = en.lproj/InfoPlist.strings; sourceTree = "<group>"; };
		C84A5AB61982C33E007AD321 /* iOSProjectTests.m */ = {isa = PBXFileReference; lastKnownFileType = sourcecode.c.objc; path = iOSProjectTests.m; sourceTree = "<group>"; };
/* End PBXFileReference section */

/* Begin PBXFrameworksBuildPhase section */
		C84A5A851982C33D007AD321 /* Frameworks */ = {
			isa = PBXFrameworksBuildPhase;
			buildActionMask = 2147483647;
			files = (
				C84A5A8E1982C33D007AD321 /* CoreGraphics.framework in Frameworks */,
				C84A5A901982C33D007AD321 /* UIKit.framework in Frameworks */,
				C84A5A8C1982C33D007AD321 /* Foundation.framework in Frameworks */,
			);
			runOnlyForDeploymentPostprocessing = 0;
		};
		C84A5AA61982C33E007AD321 /* Frameworks */ = {
			isa = PBXFrameworksBuildPhase;
			buildActionMask = 2147483647;
			files = (
				C84A5AAB1982C33E007AD321 /* XCTest.framework in Frameworks */,
				C84A5AAD1982C33E007AD321 /* UIKit.framework in Frameworks */,
				C84A5AAC1982C33E007AD321 /* Foundation.framework in Frameworks */,
			);
			runOnlyForDeploymentPostprocessing = 0;
		};
/* End PBXFrameworksBuildPhase section */

/* Begin PBXGroup section */
		C84A5A7F1982C33D007AD321 = {
			isa = PBXGroup;
			children = (
				C84A5A911982C33D007AD321 /* iOSProject */,
				C84A5AB01982C33E007AD321 /* iOSProjectTests */,
				C84A5A8A1982C33D007AD321 /* Frameworks */,
				C84A5A891982C33D007AD321 /* Products */,
			);
			sourceTree = "<group>";
		};
		C84A5A891982C33D007AD321 /* Products */ = {
			isa = PBXGroup;
			children = (
				C84A5A881982C33D007AD321 /* iOSProject.app */,
				C84A5AA91982C33E007AD321 /* iOSProjectTests.xctest */,
			);
			name = Products;
			sourceTree = "<group>";
		};
		C84A5A8A1982C33D007AD321 /* Frameworks */ = {
			isa = PBXGroup;
			children = (
				C84A5A8B1982C33D007AD321 /* Foundation.framework */,
				C84A5A8D1982C33D007AD321 /* CoreGraphics.framework */,
				C84A5A8F1982C33D007AD321 /* UIKit.framework */,
				C84A5AAA1982C33E007AD321 /* XCTest.framework */,
			);
			name = Frameworks;
			sourceTree = "<group>";
		};
		C84A5A911982C33D007AD321 /* iOSProject */ = {
			isa = PBXGroup;
			children = (
				C84A5A9A1982C33D007AD321 /* AppDelegate.h */,
				C84A5A9B1982C33D007AD321 /* AppDelegate.m */,
				C84A5A9D1982C33D007AD321 /* Main.storyboard */,
				C84A5AA01982C33D007AD321 /* ViewController.h */,
				C84A5AA11982C33D007AD321 /* ViewController.m */,
				C84A5AA31982C33D007AD321 /* Images.xcassets */,
				C84A5A921982C33D007AD321 /* Supporting Files */,
			);
			path = iOSProject;
			sourceTree = "<group>";
		};
		C84A5A921982C33D007AD321 /* Supporting Files */ = {
			isa = PBXGroup;
			children = (
				C84A5A931982C33D007AD321 /* iOSProject-Info.plist */,
				C84A5A941982C33D007AD321 /* InfoPlist.strings */,
				C84A5A971982C33D007AD321 /* main.m */,
				C84A5A991982C33D007AD321 /* iOSProject-Prefix.pch */,
			);
			name = "Supporting Files";
			sourceTree = "<group>";
		};
		C84A5AB01982C33E007AD321 /* iOSProjectTests */ = {
			isa = PBXGroup;
			children = (
				C84A5AB61982C33E007AD321 /* iOSProjectTests.m */,
				C84A5AB11982C33E007AD321 /* Supporting Files */,
			);
			path = iOSProjectTests;
			sourceTree = "<group>";
		};
		C84A5AB11982C33E007AD321 /* Supporting Files */ = {
			isa = PBXGroup;
			children = (
				C84A5AB21982C33E007AD321 /* iOSProjectTests-Info.plist */,
				C84A5AB31982C33E007AD321 /* InfoPlist.strings */,
			);
			name = "Supporting Files";
			sourceTree = "<group>";
		};
/* End PBXGroup section */

/* Begin PBXNativeTarget section */
		C84A5A871982C33D007AD321 /* iOSProject */ = {
			isa = PBXNativeTarget;
			buildConfigurationList = C84A5ABA1982C33E007AD321 /* Build configuration list for PBXNativeTarget "iOSProject" */;
			buildPhases = (
				C84A5A841982C33D007AD321 /* Sources */,
				C84A5A851982C33D007AD321 /* Frameworks */,
				C84A5A861982C33D007AD321 /* Resources */,
			);
			buildRules = (
			);
			dependencies = (
			);
			name = iOSProject;
			productName = iOSProject;
			productReference = C84A5A881982C33D007AD321 /* iOSProject.app */;
			productType = "com.apple.product-type.application";
		};
		C84A5AA81982C33E007AD321 /* iOSProjectTests */ = {
			isa = PBXNativeTarget;
			buildConfigurationList = C84A5ABD1982C33E007AD321 /* Build configuration list for PBXNativeTarget "iOSProjectTests" */;
			buildPhases = (
				C84A5AA51982C33E007AD321 /* Sources */,
				C84A5AA61982C33E007AD321 /* Frameworks */,
				C84A5AA71982C33E007AD321 /* Resources */,
			);
			buildRules = (
			);
			dependencies = (
				C84A5AAF1982C33E007AD321 /* PBXTargetDependency */,
			);
			name = iOSProjectTests;
			productName = iOSProjectTests;
			productReference = C84A5AA91982C33E007AD321 /* iOSProjectTests.xctest */;
			productType = "com.apple.product-type.bundle.unit-test";
		};
/* End PBXNativeTarget section */

/* Begin PBXProject section */
		C84A5A801982C33D007AD321 /* Project object */ = {
			isa = PBXProject;
			attributes = {
				LastUpgradeCheck = 0510;
				ORGANIZATIONNAME = "O|B";
				TargetAttributes = {
					C84A5AA81982C33E007AD321 = {
						TestTargetID = C84A5A871982C33D007AD321;
					};
				};
			};
			buildConfigurationList = C84A5A831982C33D007AD321 /* Build configuration list for PBXProject "iOSProject" */;
			compatibilityVersion = "Xcode 3.2";
			developmentRegion = English;
			hasScannedForEncodings = 0;
			knownRegions = (
				en,
				Base,
			);
			mainGroup = C84A5A7F1982C33D007AD321;
			productRefGroup = C84A5A891982C33D007AD321 /* Products */;
			projectDirPath = "";
			projectRoot = "";
			targets = (
				C84A5A871982C33D007AD321 /* iOSProject */,
				C84A5AA81982C33E007AD321 /* iOSProjectTests */,
			);
		};
/* End PBXProject section */

/* Begin PBXResourcesBuildPhase section */
		C84A5A861982C33D007AD321 /* Resources */ = {
			isa = PBXResourcesBuildPhase;
			buildActionMask = 2147483647;
			files = (
				C84A5AA41982C33D007AD321 /* Images.xcassets in Resources */,
				C84A5A961982C33D007AD321 /* InfoPlist.strings in Resources */,
				C84A5A9F1982C33D007AD321 /* Main.storyboard in Resources */,
			);
			runOnlyForDeploymentPostprocessing = 0;
		};
		C84A5AA71982C33E007AD321 /* Resources */ = {
			isa = PBXResourcesBuildPhase;
			buildActionMask = 2147483647;
			files = (
				C84A5AB51982C33E007AD321 /* InfoPlist.strings in Resources */,
			);
			runOnlyForDeploymentPostprocessing = 0;
		};
/* End PBXResourcesBuildPhase section */

/* Begin PBXSourcesBuildPhase section */
		C84A5A841982C33D007AD321 /* Sources */ = {
			isa = PBXSourcesBuildPhase;
			buildActionMask = 2147483647;
			files = (
				C84A5AA21982C33D007AD321 /* ViewController.m in Sources */,
				C84A5A9C1982C33D007AD321 /* AppDelegate.m in Sources */,
				C84A5A981982C33D007AD321 /* main.m in Sources */,
			);
			runOnlyForDeploymentPostprocessing = 0;
		};
		C84A5AA51982C33E007AD321 /* Sources */ = {
			isa = PBXSourcesBuildPhase;
			buildActionMask = 2147483647;
			files = (
				C84A5AB71982C33E007AD321 /* iOSProjectTests.m in Sources */,
			);
			runOnlyForDeploymentPostprocessing = 0;
		};
/* End PBXSourcesBuildPhase section */

/* Begin PBXTargetDependency section */
		C84A5AAF1982C33E007AD321 /* PBXTargetDependency */ = {
			isa = PBXTargetDependency;
			target = C84A5A871982C33D007AD321 /* iOSProject */;
			targetProxy = C84A5AAE1982C33E007AD321 /* PBXContainerItemProxy */;
		};
/* End PBXTargetDependency section */

/* Begin PBXVariantGroup section */
		C84A5A941982C33D007AD321 /* InfoPlist.strings */ = {
			isa = PBXVariantGroup;
			children = (
				C84A5A951982C33D007AD321 /* en */,
			);
			name = InfoPlist.strings;
			sourceTree = "<group>";
		};
		C84A5A9D1982C33D007AD321 /* Main.storyboard */ = {
			isa = PBXVariantGroup;
			children = (
				C84A5A9E1982C33D007AD321 /* Base */,
			);
			name = Main.storyboard;
			sourceTree = "<group>";
		};
		C84A5AB31982C33E007AD321 /* InfoPlist.strings */ = {
			isa = PBXVariantGroup;
			children = (
				C84A5AB41982C33E007AD321 /* en */,
			);
			name = InfoPlist.strings;
			sourceTree = "<group>";
		};
/* End PBXVariantGroup section */

/* Begin XCBuildConfiguration section */
		C84A5AB81982C33E007AD321 /* Debug */ = {
			isa = XCBuildConfiguration;
			buildSettings = {
				ALWAYS_SEARCH_USER_PATHS = NO;
				CLANG_CXX_LANGUAGE_STANDARD = "gnu++0x";
				CLANG_CXX_LIBRARY = "libc++";
				CLANG_ENABLE_MODULES = YES;
				CLANG_ENABLE_OBJC_ARC = YES;
				CLANG_WARN_BOOL_CONVERSION = YES;
				CLANG_WARN_CONSTANT_CONVERSION = YES;
				CLANG_WARN_DIRECT_OBJC_ISA_USAGE = YES_ERROR;
				CLANG_WARN_EMPTY_BODY = YES;
				CLANG_WARN_ENUM_CONVERSION = YES;
				CLANG_WARN_INT_CONVERSION = YES;
				CLANG_WARN_OBJC_ROOT_CLASS = YES_ERROR;
				CLANG_WARN__DUPLICATE_METHOD_MATCH = YES;
				"CODE_SIGN_IDENTITY[sdk=iphoneos*]" = "iPhone Developer";
				COPY_PHASE_STRIP = NO;
				GCC_C_LANGUAGE_STANDARD = gnu99;
				GCC_DYNAMIC_NO_PIC = NO;
				GCC_OPTIMIZATION_LEVEL = 0;
				GCC_PREPROCESSOR_DEFINITIONS = (
					"DEBUG=1",
					"$(inherited)",
				);
				GCC_SYMBOLS_PRIVATE_EXTERN = NO;
				GCC_WARN_64_TO_32_BIT_CONVERSION = YES;
				GCC_WARN_ABOUT_RETURN_TYPE = YES_ERROR;
				GCC_WARN_UNDECLARED_SELECTOR = YES;
				GCC_WARN_UNINITIALIZED_AUTOS = YES_AGGRESSIVE;
				GCC_WARN_UNUSED_FUNCTION = YES;
				GCC_WARN_UNUSED_VARIABLE = YES;
				IPHONEOS_DEPLOYMENT_TARGET = 7.1;
				ONLY_ACTIVE_ARCH = YES;
				SDKROOT = iphoneos;
			};
			name = Debug;
		};
		C84A5AB91982C33E007AD321 /* Release */ = {
			isa = XCBuildConfiguration;
			buildSettings = {
				ALWAYS_SEARCH_USER_PATHS = NO;
				CLANG_CXX_LANGUAGE_STANDARD = "gnu++0x";
				CLANG_CXX_LIBRARY = "libc++";
				CLANG_ENABLE_MODULES = YES;
				CLANG_ENABLE_OBJC_ARC = YES;
				CLANG_WARN_BOOL_CONVERSION = YES;
				CLANG_WARN_CONSTANT_CONVERSION = YES;
				CLANG_WARN_DIRECT_OBJC_ISA_USAGE = YES_ERROR;
				CLANG_WARN_EMPTY_BODY = YES;
				CLANG_WARN_ENUM_CONVERSION = YES;
				CLANG_WARN_INT_CONVERSION = YES;
				CLANG_WARN_OBJC_ROOT_CLASS = YES_ERROR;
				CLANG_WARN__DUPLICATE_METHOD_MATCH = YES;
				"CODE_SIGN_IDENTITY[sdk=iphoneos*]" = "iPhone Developer";
				COPY_PHASE_STRIP = YES;
				ENABLE_NS_ASSERTIONS = NO;
				GCC_C_LANGUAGE_STANDARD = gnu99;
				GCC_WARN_64_TO_32_BIT_CONVERSION = YES;
				GCC_WARN_ABOUT_RETURN_TYPE = YES_ERROR;
				GCC_WARN_UNDECLARED_SELECTOR = YES;
				GCC_WARN_UNINITIALIZED_AUTOS = YES_AGGRESSIVE;
				GCC_WARN_UNUSED_FUNCTION = YES;
				GCC_WARN_UNUSED_VARIABLE = YES;
				IPHONEOS_DEPLOYMENT_TARGET = 7.1;
				SDKROOT = iphoneos;
				VALIDATE_PRODUCT = YES;
			};
			name = Release;
		};
		C84A5ABB1982C33E007AD321 /* Debug */ = {
			isa = XCBuildConfiguration;
			buildSettings = {
				ASSETCATALOG_COMPILER_APPICON_NAME = AppIcon;
				ASSETCATALOG_COMPILER_LAUNCHIMAGE_NAME = LaunchImage;
				GCC_PRECOMPILE_PREFIX_HEADER = YES;
				GCC_PREFIX_HEADER = "iOSProject/iOSProject-Prefix.pch";
				INFOPLIST_FILE = "iOSProject/iOSProject-Info.plist";
				PRODUCT_NAME = "$(TARGET_NAME)";
				WRAPPER_EXTENSION = app;
			};
			name = Debug;
		};
		C84A5ABC1982C33E007AD321 /* Release */ = {
			isa = XCBuildConfiguration;
			buildSettings = {
				ASSETCATALOG_COMPILER_APPICON_NAME = AppIcon;
				ASSETCATALOG_COMPILER_LAUNCHIMAGE_NAME = LaunchImage;
				GCC_PRECOMPILE_PREFIX_HEADER = YES;
				GCC_PREFIX_HEADER = "iOSProject/iOSProject-Prefix.pch";
				INFOPLIST_FILE = "iOSProject/iOSProject-Info.plist";
				PRODUCT_NAME = "$(TARGET_NAME)";
				WRAPPER_EXTENSION = app;
			};
			name = Release;
		};
		C84A5ABE1982C33E007AD321 /* Debug */ = {
			isa = XCBuildConfiguration;
			buildSettings = {
				BUNDLE_LOADER = "$(BUILT_PRODUCTS_DIR)/iOSProject.app/iOSProject";
				FRAMEWORK_SEARCH_PATHS = (
					"$(SDKROOT)/Developer/Library/Frameworks",
					"$(inherited)",
					"$(DEVELOPER_FRAMEWORKS_DIR)",
				);
				GCC_PRECOMPILE_PREFIX_HEADER = YES;
				GCC_PREFIX_HEADER = "iOSProject/iOSProject-Prefix.pch";
				GCC_PREPROCESSOR_DEFINITIONS = (
					"DEBUG=1",
					"$(inherited)",
				);
				INFOPLIST_FILE = "iOSProjectTests/iOSProjectTests-Info.plist";
				PRODUCT_NAME = "$(TARGET_NAME)";
				TEST_HOST = "$(BUNDLE_LOADER)";
				WRAPPER_EXTENSION = xctest;
			};
			name = Debug;
		};
		C84A5ABF1982C33E007AD321 /* Release */ = {
			isa = XCBuildConfiguration;
			buildSettings = {
				BUNDLE_LOADER = "$(BUILT_PRODUCTS_DIR)/iOSProject.app/iOSProject";
				FRAMEWORK_SEARCH_PATHS = (
					"$(SDKROOT)/Developer/Library/Frameworks",
					"$(inherited)",
					"$(DEVELOPER_FRAMEWORKS_DIR)",
				);
				GCC_PRECOMPILE_PREFIX_HEADER = YES;
				GCC_PREFIX_HEADER = "iOSProject/iOSProject-Prefix.pch";
				INFOPLIST_FILE = "iOSProjectTests/iOSProjectTests-Info.plist";
				PRODUCT_NAME = "$(TARGET_NAME)";
				TEST_HOST = "$(BUNDLE_LOADER)";
				WRAPPER_EXTENSION = xctest;
			};
			name = Release;
		};
/* End XCBuildConfiguration section */

/* Begin XCConfigurationList section */
		C84A5A831982C33D007AD321 /* Build configuration list for PBXProject "iOSProject" */ = {
			isa = XCConfigurationList;
			buildConfigurations = (
				C84A5AB81982C33E007AD321 /* Debug */,
				C84A5AB91982C33E007AD321 /* Release */,
			);
			defaultConfigurationIsVisible = 0;
			defaultConfigurationName = Release;
		};
		C84A5ABA1982C33E007AD321 /* Build configuration list for PBXNativeTarget "iOSProject" */ = {
			isa = XCConfigurationList;
			buildConfigurations = (
				C84A5ABB1982C33E007AD321 /* Debug */,
				C84A5ABC1982C33E007AD321 /* Release */,
			);
			defaultConfigurationIsVisible = 0;
		};
		C84A5ABD1982C33E007AD321 /* Build configuration list for PBXNativeTarget "iOSProjectTests" */ = {
			isa = XCConfigurationList;
			buildConfigurations = (
				C84A5ABE1982C33E007AD321 /* Debug */,
				C84A5ABF1982C33E007AD321 /* Release */,
			);
			defaultConfigurationIsVisible = 0;
		};
/* End XCConfigurationList section */
	};
	rootObject = C84A5A801982C33D007AD321 /* Project object */;
}
